
Microsoft Visual Studio Solution File, Format Version 12.00
# Visual Studio Version 16
VisualStudioVersion = 16.0.28729.10
MinimumVisualStudioVersion = 10.0.40219.1
Project("{FAE04EC0-301F-11D3-BF4B-00C04F79EFBC}") = "HVTApp", "HVTApp\HVTApp.csproj", "{99C9E82C-C594-446D-AA59-8FFBC43AD226}"
EndProject
Project("{FAE04EC0-301F-11D3-BF4B-00C04F79EFBC}") = "HVTApp.Infrastructure", "HVTApp.Infrestructure\HVTApp.Infrastructure.csproj", "{76518D16-6EA7-4B34-A308-E7AD991421BC}"
EndProject
Project("{2150E333-8FDC-42A3-9474-1A3956D46DE8}") = "Modules", "Modules", "{D89A3693-4C45-45D7-B52B-B3A58C52B3E2}"
EndProject
Project("{FAE04EC0-301F-11D3-BF4B-00C04F79EFBC}") = "HVTApp.Modules.Sales", "Modules\HVTApp.Modules.Sales\HVTApp.Modules.Sales.csproj", "{AB8B448C-DD74-4D60-A041-3E5D03A32180}"
EndProject
Project("{FAE04EC0-301F-11D3-BF4B-00C04F79EFBC}") = "HVTApp.Modules.Settings", "HVTApp.Modules.Production\HVTApp.Modules.Settings.csproj", "{B2C2C516-5BC8-4A41-9885-68BB4C91605B}"
EndProject
Project("{FAE04EC0-301F-11D3-BF4B-00C04F79EFBC}") = "HVTApp.Model", "HVTApp.Model\HVTApp.Model.csproj", "{350BDAB0-B331-426F-A024-004C8539AF17}"
EndProject
Project("{FAE04EC0-301F-11D3-BF4B-00C04F79EFBC}") = "HVTApp.Model.Tests", "HVTApp.Model.Tests\HVTApp.Model.Tests.csproj", "{BF7C6921-CE77-45E1-A490-522A00761F4A}"
EndProject
Project("{FAE04EC0-301F-11D3-BF4B-00C04F79EFBC}") = "HVTApp.DataAccess", "HVTApp.DataAccess\HVTApp.DataAccess.csproj", "{9CF80C25-C04B-46B3-8EB7-F45BC42D4BA2}"
EndProject
Project("{FAE04EC0-301F-11D3-BF4B-00C04F79EFBC}") = "HVTApp.DataAccess.Tests", "HVTApp.DataAccess.Tests\HVTApp.DataAccess.Tests.csproj", "{06F27487-3C78-49AC-8E78-DD3E1B179AE7}"
EndProject
Project("{2150E333-8FDC-42A3-9474-1A3956D46DE8}") = "Services", "Services", "{E879AEF8-9D7C-4F72-A5D6-9462863ACDF8}"
EndProject
Project("{FAE04EC0-301F-11D3-BF4B-00C04F79EFBC}") = "HVTApp.Services.DialogService", "HVTApp.Services.DialogService\HVTApp.Services.DialogService.csproj", "{EC872082-D2A4-499E-B589-AD5101E53145}"
EndProject
Project("{FAE04EC0-301F-11D3-BF4B-00C04F79EFBC}") = "HVTApp.Services.WpfAuthenticationService", "HVTApp.Services.WpfAuthenticationService\HVTApp.Services.WpfAuthenticationService.csproj", "{3A8F0C30-A576-42FE-A232-C52E039276B4}"
EndProject
Project("{FAE04EC0-301F-11D3-BF4B-00C04F79EFBC}") = "HVTApp.Services.GetProductService", "HVTApp.Services.ChooseProductService\HVTApp.Services.GetProductService.csproj", "{6BAD8F07-90FB-4CE8-8966-10604E1BF4DA}"
EndProject
Project("{FAE04EC0-301F-11D3-BF4B-00C04F79EFBC}") = "HVTApp.Services.SelectService", "HVTApp.Services.SelectService\HVTApp.Services.SelectService.csproj", "{903EF15D-0826-4E21-AC44-24A869938521}"
EndProject
Project("{2150E333-8FDC-42A3-9474-1A3956D46DE8}") = "Tests", "Tests", "{6B3D2CBD-242F-497E-B417-A0CCF0E9F91E}"
EndProject
Project("{FAE04EC0-301F-11D3-BF4B-00C04F79EFBC}") = "HVTApp.Services.GetProductService.Tests", "HVTApp.Services.GetProductService.Tests\HVTApp.Services.GetProductService.Tests.csproj", "{14519231-6CF2-49B2-A0C5-72588657CA9D}"
EndProject
Project("{FAE04EC0-301F-11D3-BF4B-00C04F79EFBC}") = "HVTApp.TestDataGenerator", "HVTApp.TestDataGenerator\HVTApp.TestDataGenerator.csproj", "{A1DAFDD1-564E-4E7C-B13E-7ED25956BB67}"
EndProject
Project("{FAE04EC0-301F-11D3-BF4B-00C04F79EFBC}") = "HVTApp.Modules.BaseEntities", "HVTApp.Modules.BaseEntities\HVTApp.Modules.BaseEntities.csproj", "{49629F07-4FB0-4448-B598-10361512F554}"
EndProject
Project("{FAE04EC0-301F-11D3-BF4B-00C04F79EFBC}") = "HVTApp.Services.MessageService", "HVTApp.Services.MessageService\HVTApp.Services.MessageService.csproj", "{7703A90A-E742-41B1-96CB-CD0F51E3F2B6}"
EndProject
Project("{FAE04EC0-301F-11D3-BF4B-00C04F79EFBC}") = "HVTApp.Services.UpdateDetailsService", "HVTApp.Services.UpdateDetailsService\HVTApp.Services.UpdateDetailsService.csproj", "{AF8C5039-A97F-4C1A-B3A7-C325639D02CF}"
EndProject
Project("{FAE04EC0-301F-11D3-BF4B-00C04F79EFBC}") = "HVTApp.Services.OfferToDocServiceTests", "HVTApp.Services.OfferToDocServiceTests\HVTApp.Services.OfferToDocServiceTests.csproj", "{E74D33E0-3995-4C57-9A3C-4B4D47D7B4A6}"
EndProject
Project("{FAE04EC0-301F-11D3-BF4B-00C04F79EFBC}") = "HVTApp.Services.GetProductServiceTests", "HVTApp.Services.GetProductServiceTests\HVTApp.Services.GetProductServiceTests.csproj", "{A66E54A4-64EA-4245-8F5B-F7EB9FA771BA}"
EndProject
Project("{FAE04EC0-301F-11D3-BF4B-00C04F79EFBC}") = "HVTApp.UI", "HVTApp.UI\HVTApp.UI.csproj", "{984DF0F0-471D-4E38-B701-9DFC536217A8}"
EndProject
Project("{FAE04EC0-301F-11D3-BF4B-00C04F79EFBC}") = "HVTApp.Services.ProductDesignationService", "HVTApp.Services.ProductDesignationService\HVTApp.Services.ProductDesignationService.csproj", "{0C7AD837-18EE-435F-BD72-5FC8C03FF9A7}"
EndProject
Project("{FAE04EC0-301F-11D3-BF4B-00C04F79EFBC}") = "HVTApp.Modules.PlanAndEconomy", "HVTApp.Modules.Price\HVTApp.Modules.PlanAndEconomy.csproj", "{F3D1ADB0-2385-47F2-AF88-5C605E63EC79}"
EndProject
Project("{FAE04EC0-301F-11D3-BF4B-00C04F79EFBC}") = "HVTApp.Services.ShippingService", "HVTApp.Services.ShippingService\HVTApp.Services.ShippingService.csproj", "{3473BFDE-DE19-492A-9647-710715C9ACC7}"
EndProject
Project("{FAE04EC0-301F-11D3-BF4B-00C04F79EFBC}") = "HVTApp.Services.PrintService", "HVTApp.Services.PrintService\HVTApp.Services.PrintService.csproj", "{7D2C0B38-4517-4806-92B4-A65BDD0D9A10}"
EndProject
Project("{FAE04EC0-301F-11D3-BF4B-00C04F79EFBC}") = "HVTApp.Services.NewProductService", "HVTApp.Services.NewProductService\HVTApp.Services.NewProductService.csproj", "{154B4B6A-BABD-4F65-B351-E7F3808A8B53}"
EndProject
Project("{FAE04EC0-301F-11D3-BF4B-00C04F79EFBC}") = "HVTApp.Modules.Reports", "HVTApp.Modules.Reports\HVTApp.Modules.Reports.csproj", "{2A98E410-78F4-4CE5-8DE6-3ADB44087577}"
EndProject
Project("{FAE04EC0-301F-11D3-BF4B-00C04F79EFBC}") = "HVTApp.Modules.Products", "HVTApp.Modules.Products\HVTApp.Modules.Products.csproj", "{7C45F2A2-C4E4-407A-BC82-B59AAA0AD5A2}"
EndProject
Project("{FAE04EC0-301F-11D3-BF4B-00C04F79EFBC}") = "HVTApp.Modules.BookRegistration", "HVTApp.Modules.BookRegistration\HVTApp.Modules.BookRegistration.csproj", "{E904C6C5-39F0-4091-A42D-5EFBCCE219B6}"
EndProject
Project("{FAE04EC0-301F-11D3-BF4B-00C04F79EFBC}") = "HVTApp.Modules.Director", "HVTApp.Modules.Director\HVTApp.Modules.Director.csproj", "{DF40155B-72CA-425B-8ED6-84692051DDDD}"
EndProject
Project("{FAE04EC0-301F-11D3-BF4B-00C04F79EFBC}") = "HVTApp.Services.PriceService", "HVTApp.Services.PriceService\HVTApp.Services.PriceService.csproj", "{A241858E-B7B3-42A1-A04F-FE39E55145E6}"
EndProject
Project("{FAE04EC0-301F-11D3-BF4B-00C04F79EFBC}") = "HVTApp.Modules.PriceMaking", "HVTApp.Modules.PriceMaking\HVTApp.Modules.PriceMaking.csproj", "{7A7FA317-D6D9-4784-B757-BECA501314D4}"
EndProject
Project("{FAE04EC0-301F-11D3-BF4B-00C04F79EFBC}") = "HVTApp.Modules.SupplyModule", "HVTApp.Modules.SupplyModule\HVTApp.Modules.SupplyModule.csproj", "{C411737D-33AD-4249-8BFB-3478BCB984A1}"
EndProject
Project("{FAE04EC0-301F-11D3-BF4B-00C04F79EFBC}") = "HVTApp.Services.EmailService", "HVTApp.Services.EmailService\HVTApp.Services.EmailService.csproj", "{6C089CFB-65A3-40F8-8A2D-C1E8092D7F46}"
EndProject
Project("{2150E333-8FDC-42A3-9474-1A3956D46DE8}") = "EventServices", "EventServices", "{808C8B78-8861-4E19-8133-B47232A3230E}"
EndProject
Project("{FAE04EC0-301F-11D3-BF4B-00C04F79EFBC}") = "EventService", "EventService\EventService.csproj", "{C0F86FE0-A010-4350-BDE8-1689881EBB02}"
EndProject
Project("{FAE04EC0-301F-11D3-BF4B-00C04F79EFBC}") = "EventServiceHost", "EventServiceHost\EventServiceHost.csproj", "{B95FAAA9-4CE3-4F0A-8DAD-7FEF98869C47}"
EndProject
Project("{FAE04EC0-301F-11D3-BF4B-00C04F79EFBC}") = "EventServiceClient2", "EventServiceClient2\EventServiceClient2.csproj", "{76B069EF-195B-4120-ADEC-F9A46D421B25}"
EndProject
Project("{FAE04EC0-301F-11D3-BF4B-00C04F79EFBC}") = "HVTApp.Modules.DirectumLite", "HVTApp.Modules.DirectumLite\HVTApp.Modules.DirectumLite.csproj", "{C3E58C6C-27D2-44DB-A80D-417C2BED376B}"
EndProject
Project("{FAE04EC0-301F-11D3-BF4B-00C04F79EFBC}") = "HVTApp.Modules.Messenger", "HVTApp.Modules.Chat\HVTApp.Modules.Messenger.csproj", "{FAAF5BF4-4CB5-4F92-A1DB-573C071DBB42}"
EndProject
Project("{FAE04EC0-301F-11D3-BF4B-00C04F79EFBC}") = "HVTApp.Services.AllowStartService", "HVTApp.Services.AllowStartService\HVTApp.Services.AllowStartService.csproj", "{BDE8766B-585E-4DD3-BB88-7EDFDE5F61D8}"
EndProject
Project("{FAE04EC0-301F-11D3-BF4B-00C04F79EFBC}") = "HVTApp.Services.MessagesOutlookService", "HVTApp.Services.MessagesOutlookService\HVTApp.Services.MessagesOutlookService.csproj", "{F446AE6D-9895-489D-9EB3-CADF1CB0C030}"
EndProject
Global
	GlobalSection(SolutionConfigurationPlatforms) = preSolution
		Debug|Any CPU = Debug|Any CPU
		Release|Any CPU = Release|Any CPU
	EndGlobalSection
	GlobalSection(ProjectConfigurationPlatforms) = postSolution
		{99C9E82C-C594-446D-AA59-8FFBC43AD226}.Debug|Any CPU.ActiveCfg = Debug|Any CPU
		{99C9E82C-C594-446D-AA59-8FFBC43AD226}.Debug|Any CPU.Build.0 = Debug|Any CPU
		{99C9E82C-C594-446D-AA59-8FFBC43AD226}.Release|Any CPU.ActiveCfg = Release|Any CPU
		{99C9E82C-C594-446D-AA59-8FFBC43AD226}.Release|Any CPU.Build.0 = Release|Any CPU
		{76518D16-6EA7-4B34-A308-E7AD991421BC}.Debug|Any CPU.ActiveCfg = Debug|Any CPU
		{76518D16-6EA7-4B34-A308-E7AD991421BC}.Debug|Any CPU.Build.0 = Debug|Any CPU
		{76518D16-6EA7-4B34-A308-E7AD991421BC}.Release|Any CPU.ActiveCfg = Release|Any CPU
		{76518D16-6EA7-4B34-A308-E7AD991421BC}.Release|Any CPU.Build.0 = Release|Any CPU
		{AB8B448C-DD74-4D60-A041-3E5D03A32180}.Debug|Any CPU.ActiveCfg = Debug|Any CPU
		{AB8B448C-DD74-4D60-A041-3E5D03A32180}.Debug|Any CPU.Build.0 = Debug|Any CPU
		{AB8B448C-DD74-4D60-A041-3E5D03A32180}.Release|Any CPU.ActiveCfg = Release|Any CPU
		{AB8B448C-DD74-4D60-A041-3E5D03A32180}.Release|Any CPU.Build.0 = Release|Any CPU
		{B2C2C516-5BC8-4A41-9885-68BB4C91605B}.Debug|Any CPU.ActiveCfg = Debug|Any CPU
		{B2C2C516-5BC8-4A41-9885-68BB4C91605B}.Debug|Any CPU.Build.0 = Debug|Any CPU
		{B2C2C516-5BC8-4A41-9885-68BB4C91605B}.Release|Any CPU.ActiveCfg = Release|Any CPU
		{B2C2C516-5BC8-4A41-9885-68BB4C91605B}.Release|Any CPU.Build.0 = Release|Any CPU
		{350BDAB0-B331-426F-A024-004C8539AF17}.Debug|Any CPU.ActiveCfg = Debug|Any CPU
		{350BDAB0-B331-426F-A024-004C8539AF17}.Debug|Any CPU.Build.0 = Debug|Any CPU
		{350BDAB0-B331-426F-A024-004C8539AF17}.Release|Any CPU.ActiveCfg = Release|Any CPU
		{350BDAB0-B331-426F-A024-004C8539AF17}.Release|Any CPU.Build.0 = Release|Any CPU
		{BF7C6921-CE77-45E1-A490-522A00761F4A}.Debug|Any CPU.ActiveCfg = Debug|Any CPU
		{BF7C6921-CE77-45E1-A490-522A00761F4A}.Debug|Any CPU.Build.0 = Debug|Any CPU
		{BF7C6921-CE77-45E1-A490-522A00761F4A}.Release|Any CPU.ActiveCfg = Release|Any CPU
		{BF7C6921-CE77-45E1-A490-522A00761F4A}.Release|Any CPU.Build.0 = Release|Any CPU
		{9CF80C25-C04B-46B3-8EB7-F45BC42D4BA2}.Debug|Any CPU.ActiveCfg = Debug|Any CPU
		{9CF80C25-C04B-46B3-8EB7-F45BC42D4BA2}.Debug|Any CPU.Build.0 = Debug|Any CPU
		{9CF80C25-C04B-46B3-8EB7-F45BC42D4BA2}.Release|Any CPU.ActiveCfg = Release|Any CPU
		{9CF80C25-C04B-46B3-8EB7-F45BC42D4BA2}.Release|Any CPU.Build.0 = Release|Any CPU
		{06F27487-3C78-49AC-8E78-DD3E1B179AE7}.Debug|Any CPU.ActiveCfg = Debug|Any CPU
		{06F27487-3C78-49AC-8E78-DD3E1B179AE7}.Debug|Any CPU.Build.0 = Debug|Any CPU
		{06F27487-3C78-49AC-8E78-DD3E1B179AE7}.Release|Any CPU.ActiveCfg = Release|Any CPU
		{06F27487-3C78-49AC-8E78-DD3E1B179AE7}.Release|Any CPU.Build.0 = Release|Any CPU
		{EC872082-D2A4-499E-B589-AD5101E53145}.Debug|Any CPU.ActiveCfg = Debug|Any CPU
		{EC872082-D2A4-499E-B589-AD5101E53145}.Debug|Any CPU.Build.0 = Debug|Any CPU
		{EC872082-D2A4-499E-B589-AD5101E53145}.Release|Any CPU.ActiveCfg = Release|Any CPU
		{EC872082-D2A4-499E-B589-AD5101E53145}.Release|Any CPU.Build.0 = Release|Any CPU
		{3A8F0C30-A576-42FE-A232-C52E039276B4}.Debug|Any CPU.ActiveCfg = Debug|Any CPU
		{3A8F0C30-A576-42FE-A232-C52E039276B4}.Debug|Any CPU.Build.0 = Debug|Any CPU
		{3A8F0C30-A576-42FE-A232-C52E039276B4}.Release|Any CPU.ActiveCfg = Release|Any CPU
		{3A8F0C30-A576-42FE-A232-C52E039276B4}.Release|Any CPU.Build.0 = Release|Any CPU
		{6BAD8F07-90FB-4CE8-8966-10604E1BF4DA}.Debug|Any CPU.ActiveCfg = Debug|Any CPU
		{6BAD8F07-90FB-4CE8-8966-10604E1BF4DA}.Debug|Any CPU.Build.0 = Debug|Any CPU
		{6BAD8F07-90FB-4CE8-8966-10604E1BF4DA}.Release|Any CPU.ActiveCfg = Release|Any CPU
		{6BAD8F07-90FB-4CE8-8966-10604E1BF4DA}.Release|Any CPU.Build.0 = Release|Any CPU
		{903EF15D-0826-4E21-AC44-24A869938521}.Debug|Any CPU.ActiveCfg = Debug|Any CPU
		{903EF15D-0826-4E21-AC44-24A869938521}.Debug|Any CPU.Build.0 = Debug|Any CPU
		{903EF15D-0826-4E21-AC44-24A869938521}.Release|Any CPU.ActiveCfg = Release|Any CPU
		{903EF15D-0826-4E21-AC44-24A869938521}.Release|Any CPU.Build.0 = Release|Any CPU
		{14519231-6CF2-49B2-A0C5-72588657CA9D}.Debug|Any CPU.ActiveCfg = Debug|Any CPU
		{14519231-6CF2-49B2-A0C5-72588657CA9D}.Debug|Any CPU.Build.0 = Debug|Any CPU
		{14519231-6CF2-49B2-A0C5-72588657CA9D}.Release|Any CPU.ActiveCfg = Release|Any CPU
		{14519231-6CF2-49B2-A0C5-72588657CA9D}.Release|Any CPU.Build.0 = Release|Any CPU
		{A1DAFDD1-564E-4E7C-B13E-7ED25956BB67}.Debug|Any CPU.ActiveCfg = Debug|Any CPU
		{A1DAFDD1-564E-4E7C-B13E-7ED25956BB67}.Debug|Any CPU.Build.0 = Debug|Any CPU
		{A1DAFDD1-564E-4E7C-B13E-7ED25956BB67}.Release|Any CPU.ActiveCfg = Release|Any CPU
		{A1DAFDD1-564E-4E7C-B13E-7ED25956BB67}.Release|Any CPU.Build.0 = Release|Any CPU
		{49629F07-4FB0-4448-B598-10361512F554}.Debug|Any CPU.ActiveCfg = Debug|Any CPU
		{49629F07-4FB0-4448-B598-10361512F554}.Debug|Any CPU.Build.0 = Debug|Any CPU
		{49629F07-4FB0-4448-B598-10361512F554}.Release|Any CPU.ActiveCfg = Release|Any CPU
		{49629F07-4FB0-4448-B598-10361512F554}.Release|Any CPU.Build.0 = Release|Any CPU
		{7703A90A-E742-41B1-96CB-CD0F51E3F2B6}.Debug|Any CPU.ActiveCfg = Debug|Any CPU
		{7703A90A-E742-41B1-96CB-CD0F51E3F2B6}.Debug|Any CPU.Build.0 = Debug|Any CPU
		{7703A90A-E742-41B1-96CB-CD0F51E3F2B6}.Release|Any CPU.ActiveCfg = Release|Any CPU
		{7703A90A-E742-41B1-96CB-CD0F51E3F2B6}.Release|Any CPU.Build.0 = Release|Any CPU
		{AF8C5039-A97F-4C1A-B3A7-C325639D02CF}.Debug|Any CPU.ActiveCfg = Debug|Any CPU
		{AF8C5039-A97F-4C1A-B3A7-C325639D02CF}.Debug|Any CPU.Build.0 = Debug|Any CPU
		{AF8C5039-A97F-4C1A-B3A7-C325639D02CF}.Release|Any CPU.ActiveCfg = Release|Any CPU
		{AF8C5039-A97F-4C1A-B3A7-C325639D02CF}.Release|Any CPU.Build.0 = Release|Any CPU
		{E74D33E0-3995-4C57-9A3C-4B4D47D7B4A6}.Debug|Any CPU.ActiveCfg = Debug|Any CPU
		{E74D33E0-3995-4C57-9A3C-4B4D47D7B4A6}.Debug|Any CPU.Build.0 = Debug|Any CPU
		{E74D33E0-3995-4C57-9A3C-4B4D47D7B4A6}.Release|Any CPU.ActiveCfg = Release|Any CPU
		{E74D33E0-3995-4C57-9A3C-4B4D47D7B4A6}.Release|Any CPU.Build.0 = Release|Any CPU
		{A66E54A4-64EA-4245-8F5B-F7EB9FA771BA}.Debug|Any CPU.ActiveCfg = Debug|Any CPU
		{A66E54A4-64EA-4245-8F5B-F7EB9FA771BA}.Debug|Any CPU.Build.0 = Debug|Any CPU
		{A66E54A4-64EA-4245-8F5B-F7EB9FA771BA}.Release|Any CPU.ActiveCfg = Release|Any CPU
		{A66E54A4-64EA-4245-8F5B-F7EB9FA771BA}.Release|Any CPU.Build.0 = Release|Any CPU
		{984DF0F0-471D-4E38-B701-9DFC536217A8}.Debug|Any CPU.ActiveCfg = Debug|Any CPU
		{984DF0F0-471D-4E38-B701-9DFC536217A8}.Debug|Any CPU.Build.0 = Debug|Any CPU
		{984DF0F0-471D-4E38-B701-9DFC536217A8}.Release|Any CPU.ActiveCfg = Release|Any CPU
		{984DF0F0-471D-4E38-B701-9DFC536217A8}.Release|Any CPU.Build.0 = Release|Any CPU
		{0C7AD837-18EE-435F-BD72-5FC8C03FF9A7}.Debug|Any CPU.ActiveCfg = Debug|Any CPU
		{0C7AD837-18EE-435F-BD72-5FC8C03FF9A7}.Debug|Any CPU.Build.0 = Debug|Any CPU
		{0C7AD837-18EE-435F-BD72-5FC8C03FF9A7}.Release|Any CPU.ActiveCfg = Release|Any CPU
		{0C7AD837-18EE-435F-BD72-5FC8C03FF9A7}.Release|Any CPU.Build.0 = Release|Any CPU
		{F3D1ADB0-2385-47F2-AF88-5C605E63EC79}.Debug|Any CPU.ActiveCfg = Debug|Any CPU
		{F3D1ADB0-2385-47F2-AF88-5C605E63EC79}.Debug|Any CPU.Build.0 = Debug|Any CPU
		{F3D1ADB0-2385-47F2-AF88-5C605E63EC79}.Release|Any CPU.ActiveCfg = Release|Any CPU
		{F3D1ADB0-2385-47F2-AF88-5C605E63EC79}.Release|Any CPU.Build.0 = Release|Any CPU
		{3473BFDE-DE19-492A-9647-710715C9ACC7}.Debug|Any CPU.ActiveCfg = Debug|Any CPU
		{3473BFDE-DE19-492A-9647-710715C9ACC7}.Debug|Any CPU.Build.0 = Debug|Any CPU
		{3473BFDE-DE19-492A-9647-710715C9ACC7}.Release|Any CPU.ActiveCfg = Release|Any CPU
		{3473BFDE-DE19-492A-9647-710715C9ACC7}.Release|Any CPU.Build.0 = Release|Any CPU
		{7D2C0B38-4517-4806-92B4-A65BDD0D9A10}.Debug|Any CPU.ActiveCfg = Debug|Any CPU
		{7D2C0B38-4517-4806-92B4-A65BDD0D9A10}.Debug|Any CPU.Build.0 = Debug|Any CPU
		{7D2C0B38-4517-4806-92B4-A65BDD0D9A10}.Release|Any CPU.ActiveCfg = Release|Any CPU
		{7D2C0B38-4517-4806-92B4-A65BDD0D9A10}.Release|Any CPU.Build.0 = Release|Any CPU
		{154B4B6A-BABD-4F65-B351-E7F3808A8B53}.Debug|Any CPU.ActiveCfg = Debug|Any CPU
		{154B4B6A-BABD-4F65-B351-E7F3808A8B53}.Debug|Any CPU.Build.0 = Debug|Any CPU
		{154B4B6A-BABD-4F65-B351-E7F3808A8B53}.Release|Any CPU.ActiveCfg = Release|Any CPU
		{154B4B6A-BABD-4F65-B351-E7F3808A8B53}.Release|Any CPU.Build.0 = Release|Any CPU
		{2A98E410-78F4-4CE5-8DE6-3ADB44087577}.Debug|Any CPU.ActiveCfg = Debug|Any CPU
		{2A98E410-78F4-4CE5-8DE6-3ADB44087577}.Debug|Any CPU.Build.0 = Debug|Any CPU
		{2A98E410-78F4-4CE5-8DE6-3ADB44087577}.Release|Any CPU.ActiveCfg = Release|Any CPU
		{2A98E410-78F4-4CE5-8DE6-3ADB44087577}.Release|Any CPU.Build.0 = Release|Any CPU
		{7C45F2A2-C4E4-407A-BC82-B59AAA0AD5A2}.Debug|Any CPU.ActiveCfg = Debug|Any CPU
		{7C45F2A2-C4E4-407A-BC82-B59AAA0AD5A2}.Debug|Any CPU.Build.0 = Debug|Any CPU
		{7C45F2A2-C4E4-407A-BC82-B59AAA0AD5A2}.Release|Any CPU.ActiveCfg = Release|Any CPU
		{7C45F2A2-C4E4-407A-BC82-B59AAA0AD5A2}.Release|Any CPU.Build.0 = Release|Any CPU
		{E904C6C5-39F0-4091-A42D-5EFBCCE219B6}.Debug|Any CPU.ActiveCfg = Debug|Any CPU
		{E904C6C5-39F0-4091-A42D-5EFBCCE219B6}.Debug|Any CPU.Build.0 = Debug|Any CPU
		{E904C6C5-39F0-4091-A42D-5EFBCCE219B6}.Release|Any CPU.ActiveCfg = Release|Any CPU
		{E904C6C5-39F0-4091-A42D-5EFBCCE219B6}.Release|Any CPU.Build.0 = Release|Any CPU
		{DF40155B-72CA-425B-8ED6-84692051DDDD}.Debug|Any CPU.ActiveCfg = Debug|Any CPU
		{DF40155B-72CA-425B-8ED6-84692051DDDD}.Debug|Any CPU.Build.0 = Debug|Any CPU
		{DF40155B-72CA-425B-8ED6-84692051DDDD}.Release|Any CPU.ActiveCfg = Release|Any CPU
		{DF40155B-72CA-425B-8ED6-84692051DDDD}.Release|Any CPU.Build.0 = Release|Any CPU
		{A241858E-B7B3-42A1-A04F-FE39E55145E6}.Debug|Any CPU.ActiveCfg = Debug|Any CPU
		{A241858E-B7B3-42A1-A04F-FE39E55145E6}.Debug|Any CPU.Build.0 = Debug|Any CPU
		{A241858E-B7B3-42A1-A04F-FE39E55145E6}.Release|Any CPU.ActiveCfg = Release|Any CPU
		{A241858E-B7B3-42A1-A04F-FE39E55145E6}.Release|Any CPU.Build.0 = Release|Any CPU
		{7A7FA317-D6D9-4784-B757-BECA501314D4}.Debug|Any CPU.ActiveCfg = Debug|Any CPU
		{7A7FA317-D6D9-4784-B757-BECA501314D4}.Debug|Any CPU.Build.0 = Debug|Any CPU
		{7A7FA317-D6D9-4784-B757-BECA501314D4}.Release|Any CPU.ActiveCfg = Release|Any CPU
		{7A7FA317-D6D9-4784-B757-BECA501314D4}.Release|Any CPU.Build.0 = Release|Any CPU
		{C411737D-33AD-4249-8BFB-3478BCB984A1}.Debug|Any CPU.ActiveCfg = Debug|Any CPU
		{C411737D-33AD-4249-8BFB-3478BCB984A1}.Debug|Any CPU.Build.0 = Debug|Any CPU
		{C411737D-33AD-4249-8BFB-3478BCB984A1}.Release|Any CPU.ActiveCfg = Release|Any CPU
		{C411737D-33AD-4249-8BFB-3478BCB984A1}.Release|Any CPU.Build.0 = Release|Any CPU
		{6C089CFB-65A3-40F8-8A2D-C1E8092D7F46}.Debug|Any CPU.ActiveCfg = Debug|Any CPU
		{6C089CFB-65A3-40F8-8A2D-C1E8092D7F46}.Debug|Any CPU.Build.0 = Debug|Any CPU
		{6C089CFB-65A3-40F8-8A2D-C1E8092D7F46}.Release|Any CPU.ActiveCfg = Release|Any CPU
		{6C089CFB-65A3-40F8-8A2D-C1E8092D7F46}.Release|Any CPU.Build.0 = Release|Any CPU
		{C0F86FE0-A010-4350-BDE8-1689881EBB02}.Debug|Any CPU.ActiveCfg = Debug|Any CPU
		{C0F86FE0-A010-4350-BDE8-1689881EBB02}.Debug|Any CPU.Build.0 = Debug|Any CPU
		{C0F86FE0-A010-4350-BDE8-1689881EBB02}.Release|Any CPU.ActiveCfg = Release|Any CPU
		{C0F86FE0-A010-4350-BDE8-1689881EBB02}.Release|Any CPU.Build.0 = Release|Any CPU
		{B95FAAA9-4CE3-4F0A-8DAD-7FEF98869C47}.Debug|Any CPU.ActiveCfg = Debug|Any CPU
		{B95FAAA9-4CE3-4F0A-8DAD-7FEF98869C47}.Debug|Any CPU.Build.0 = Debug|Any CPU
		{B95FAAA9-4CE3-4F0A-8DAD-7FEF98869C47}.Release|Any CPU.ActiveCfg = Release|Any CPU
		{B95FAAA9-4CE3-4F0A-8DAD-7FEF98869C47}.Release|Any CPU.Build.0 = Release|Any CPU
		{76B069EF-195B-4120-ADEC-F9A46D421B25}.Debug|Any CPU.ActiveCfg = Debug|Any CPU
		{76B069EF-195B-4120-ADEC-F9A46D421B25}.Debug|Any CPU.Build.0 = Debug|Any CPU
		{76B069EF-195B-4120-ADEC-F9A46D421B25}.Release|Any CPU.ActiveCfg = Release|Any CPU
		{76B069EF-195B-4120-ADEC-F9A46D421B25}.Release|Any CPU.Build.0 = Release|Any CPU
		{C3E58C6C-27D2-44DB-A80D-417C2BED376B}.Debug|Any CPU.ActiveCfg = Debug|Any CPU
		{C3E58C6C-27D2-44DB-A80D-417C2BED376B}.Debug|Any CPU.Build.0 = Debug|Any CPU
		{C3E58C6C-27D2-44DB-A80D-417C2BED376B}.Release|Any CPU.ActiveCfg = Release|Any CPU
		{C3E58C6C-27D2-44DB-A80D-417C2BED376B}.Release|Any CPU.Build.0 = Release|Any CPU
		{FAAF5BF4-4CB5-4F92-A1DB-573C071DBB42}.Debug|Any CPU.ActiveCfg = Debug|Any CPU
		{FAAF5BF4-4CB5-4F92-A1DB-573C071DBB42}.Debug|Any CPU.Build.0 = Debug|Any CPU
		{FAAF5BF4-4CB5-4F92-A1DB-573C071DBB42}.Release|Any CPU.ActiveCfg = Release|Any CPU
		{FAAF5BF4-4CB5-4F92-A1DB-573C071DBB42}.Release|Any CPU.Build.0 = Release|Any CPU
		{BDE8766B-585E-4DD3-BB88-7EDFDE5F61D8}.Debug|Any CPU.ActiveCfg = Debug|Any CPU
		{BDE8766B-585E-4DD3-BB88-7EDFDE5F61D8}.Debug|Any CPU.Build.0 = Debug|Any CPU
		{BDE8766B-585E-4DD3-BB88-7EDFDE5F61D8}.Release|Any CPU.ActiveCfg = Release|Any CPU
		{BDE8766B-585E-4DD3-BB88-7EDFDE5F61D8}.Release|Any CPU.Build.0 = Release|Any CPU
		{F446AE6D-9895-489D-9EB3-CADF1CB0C030}.Debug|Any CPU.ActiveCfg = Debug|Any CPU
		{F446AE6D-9895-489D-9EB3-CADF1CB0C030}.Debug|Any CPU.Build.0 = Debug|Any CPU
		{F446AE6D-9895-489D-9EB3-CADF1CB0C030}.Release|Any CPU.ActiveCfg = Release|Any CPU
		{F446AE6D-9895-489D-9EB3-CADF1CB0C030}.Release|Any CPU.Build.0 = Release|Any CPU
	EndGlobalSection
	GlobalSection(SolutionProperties) = preSolution
		HideSolutionNode = FALSE
	EndGlobalSection
	GlobalSection(NestedProjects) = preSolution
		{AB8B448C-DD74-4D60-A041-3E5D03A32180} = {D89A3693-4C45-45D7-B52B-B3A58C52B3E2}
		{B2C2C516-5BC8-4A41-9885-68BB4C91605B} = {D89A3693-4C45-45D7-B52B-B3A58C52B3E2}
		{BF7C6921-CE77-45E1-A490-522A00761F4A} = {6B3D2CBD-242F-497E-B417-A0CCF0E9F91E}
		{06F27487-3C78-49AC-8E78-DD3E1B179AE7} = {6B3D2CBD-242F-497E-B417-A0CCF0E9F91E}
		{EC872082-D2A4-499E-B589-AD5101E53145} = {E879AEF8-9D7C-4F72-A5D6-9462863ACDF8}
		{3A8F0C30-A576-42FE-A232-C52E039276B4} = {E879AEF8-9D7C-4F72-A5D6-9462863ACDF8}
		{6BAD8F07-90FB-4CE8-8966-10604E1BF4DA} = {E879AEF8-9D7C-4F72-A5D6-9462863ACDF8}
		{903EF15D-0826-4E21-AC44-24A869938521} = {E879AEF8-9D7C-4F72-A5D6-9462863ACDF8}
		{14519231-6CF2-49B2-A0C5-72588657CA9D} = {6B3D2CBD-242F-497E-B417-A0CCF0E9F91E}
		{49629F07-4FB0-4448-B598-10361512F554} = {D89A3693-4C45-45D7-B52B-B3A58C52B3E2}
		{7703A90A-E742-41B1-96CB-CD0F51E3F2B6} = {E879AEF8-9D7C-4F72-A5D6-9462863ACDF8}
		{AF8C5039-A97F-4C1A-B3A7-C325639D02CF} = {E879AEF8-9D7C-4F72-A5D6-9462863ACDF8}
		{E74D33E0-3995-4C57-9A3C-4B4D47D7B4A6} = {6B3D2CBD-242F-497E-B417-A0CCF0E9F91E}
		{A66E54A4-64EA-4245-8F5B-F7EB9FA771BA} = {6B3D2CBD-242F-497E-B417-A0CCF0E9F91E}
		{0C7AD837-18EE-435F-BD72-5FC8C03FF9A7} = {E879AEF8-9D7C-4F72-A5D6-9462863ACDF8}
		{F3D1ADB0-2385-47F2-AF88-5C605E63EC79} = {D89A3693-4C45-45D7-B52B-B3A58C52B3E2}
		{3473BFDE-DE19-492A-9647-710715C9ACC7} = {E879AEF8-9D7C-4F72-A5D6-9462863ACDF8}
		{7D2C0B38-4517-4806-92B4-A65BDD0D9A10} = {E879AEF8-9D7C-4F72-A5D6-9462863ACDF8}
		{154B4B6A-BABD-4F65-B351-E7F3808A8B53} = {E879AEF8-9D7C-4F72-A5D6-9462863ACDF8}
		{2A98E410-78F4-4CE5-8DE6-3ADB44087577} = {D89A3693-4C45-45D7-B52B-B3A58C52B3E2}
		{7C45F2A2-C4E4-407A-BC82-B59AAA0AD5A2} = {D89A3693-4C45-45D7-B52B-B3A58C52B3E2}
		{E904C6C5-39F0-4091-A42D-5EFBCCE219B6} = {D89A3693-4C45-45D7-B52B-B3A58C52B3E2}
		{DF40155B-72CA-425B-8ED6-84692051DDDD} = {D89A3693-4C45-45D7-B52B-B3A58C52B3E2}
		{A241858E-B7B3-42A1-A04F-FE39E55145E6} = {E879AEF8-9D7C-4F72-A5D6-9462863ACDF8}
		{7A7FA317-D6D9-4784-B757-BECA501314D4} = {D89A3693-4C45-45D7-B52B-B3A58C52B3E2}
		{C411737D-33AD-4249-8BFB-3478BCB984A1} = {D89A3693-4C45-45D7-B52B-B3A58C52B3E2}
		{6C089CFB-65A3-40F8-8A2D-C1E8092D7F46} = {E879AEF8-9D7C-4F72-A5D6-9462863ACDF8}
		{808C8B78-8861-4E19-8133-B47232A3230E} = {E879AEF8-9D7C-4F72-A5D6-9462863ACDF8}
		{C0F86FE0-A010-4350-BDE8-1689881EBB02} = {808C8B78-8861-4E19-8133-B47232A3230E}
		{B95FAAA9-4CE3-4F0A-8DAD-7FEF98869C47} = {808C8B78-8861-4E19-8133-B47232A3230E}
		{76B069EF-195B-4120-ADEC-F9A46D421B25} = {808C8B78-8861-4E19-8133-B47232A3230E}
		{C3E58C6C-27D2-44DB-A80D-417C2BED376B} = {D89A3693-4C45-45D7-B52B-B3A58C52B3E2}
		{FAAF5BF4-4CB5-4F92-A1DB-573C071DBB42} = {D89A3693-4C45-45D7-B52B-B3A58C52B3E2}
		{BDE8766B-585E-4DD3-BB88-7EDFDE5F61D8} = {E879AEF8-9D7C-4F72-A5D6-9462863ACDF8}
		{F446AE6D-9895-489D-9EB3-CADF1CB0C030} = {E879AEF8-9D7C-4F72-A5D6-9462863ACDF8}
	EndGlobalSection
	GlobalSection(ExtensibilityGlobals) = postSolution
		SolutionGuid = {BEAEF50D-E850-44E2-B506-9E4743D3D04B}
	EndGlobalSection
EndGlobal
